Microsoft Visual Studio Solution File, Format Version 12.00
# Visual Studio Version 17
VisualStudioVersion = 17.5.2.0
MinimumVisualStudioVersion = 10.0.40219.1
Project("{FAE04EC0-301F-11D3-BF4B-00C04F79EFBC}") = "PackagesMathStuff", "PackagesMathStuff.csproj", "{FE8AF3D0-5E37-2539-606A-DBCB64B4B3F4}"
EndProject
Global
	GlobalSection(SolutionConfigurationPlatforms) = preSolution
		Debug|Any CPU = Debug|Any CPU
		Release|Any CPU = Release|Any CPU
	EndGlobalSection
	GlobalSection(ProjectConfigurationPlatforms) = postSolution
		{FE8AF3D0-5E37-2539-606A-DBCB64B4B3F4}.Debug|Any CPU.ActiveCfg = Debug|Any CPU
		{FE8AF3D0-5E37-2539-606A-DBCB64B4B3F4}.Debug|Any CPU.Build.0 = Debug|Any CPU
		{FE8AF3D0-5E37-2539-606A-DBCB64B4B3F4}.Release|Any CPU.ActiveCfg = Release|Any CPU
		{FE8AF3D0-5E37-2539-606A-DBCB64B4B3F4}.Release|Any CPU.Build.0 = Release|Any CPU
	EndGlobalSection
	GlobalSection(SolutionProperties) = preSolution
		HideSolutionNode = FALSE
	EndGlobalSection
	GlobalSection(ExtensibilityGlobals) = postSolution
		SolutionGuid = {2C2D3FCB-1CB5-40BE-872C-D1C3A1480296}
	EndGlobalSection
EndGlobal
