Microsoft Visual Studio Solution File, Format Version 12.00
# Visual Studio Version 17
VisualStudioVersion = 17.5.2.0
MinimumVisualStudioVersion = 10.0.40219.1
Project("{FAE04EC0-301F-11D3-BF4B-00C04F79EFBC}") = "SortInsertionSort", "SortInsertionSort.csproj", "{FC68B746-0EAA-3D80-8989-20FD47E45693}"
EndProject
Global
	GlobalSection(SolutionConfigurationPlatforms) = preSolution
		Debug|Any CPU = Debug|Any CPU
		Release|Any CPU = Release|Any CPU
	EndGlobalSection
	GlobalSection(ProjectConfigurationPlatforms) = postSolution
		{FC68B746-0EAA-3D80-8989-20FD47E45693}.Debug|Any CPU.ActiveCfg = Debug|Any CPU
		{FC68B746-0EAA-3D80-8989-20FD47E45693}.Debug|Any CPU.Build.0 = Debug|Any CPU
		{FC68B746-0EAA-3D80-8989-20FD47E45693}.Release|Any CPU.ActiveCfg = Release|Any CPU
		{FC68B746-0EAA-3D80-8989-20FD47E45693}.Release|Any CPU.Build.0 = Release|Any CPU
	EndGlobalSection
	GlobalSection(SolutionProperties) = preSolution
		HideSolutionNode = FALSE
	EndGlobalSection
	GlobalSection(ExtensibilityGlobals) = postSolution
		SolutionGuid = {F219C70A-5F9D-42AA-8F6D-8FEC99CF639C}
	EndGlobalSection
EndGlobal
